
Microsoft Visual Studio Solution File, Format Version 12.00
# Visual Studio Version 17
VisualStudioVersion = 17.12.35728.132 d17.12
MinimumVisualStudioVersion = 10.0.40219.1
Project("{FAE04EC0-301F-11D3-BF4B-00C04F79EFBC}") = "ByteChecker", "..\ByteChecker\ByteChecker\ByteChecker.csproj", "{BC047EA0-8FA1-4B2E-B78C-4B349F023565}"
EndProject
Project("{FAE04EC0-301F-11D3-BF4B-00C04F79EFBC}") = "ByteValidator", "..\ByteValidator\ByteValidator\ByteValidator.csproj", "{5AF81FE3-0E7E-4247-8A94-A8335FC24F01}"
EndProject
Global
	GlobalSection(SolutionConfigurationPlatforms) = preSolution
		Debug|Any CPU = Debug|Any CPU
		Release|Any CPU = Release|Any CPU
	EndGlobalSection
	GlobalSection(ProjectConfigurationPlatforms) = postSolution
		{BC047EA0-8FA1-4B2E-B78C-4B349F023565}.Debug|Any CPU.ActiveCfg = Debug|Any CPU
		{BC047EA0-8FA1-4B2E-B78C-4B349F023565}.Debug|Any CPU.Build.0 = Debug|Any CPU
		{BC047EA0-8FA1-4B2E-B78C-4B349F023565}.Release|Any CPU.ActiveCfg = Release|Any CPU
		{BC047EA0-8FA1-4B2E-B78C-4B349F023565}.Release|Any CPU.Build.0 = Release|Any CPU
		{5AF81FE3-0E7E-4247-8A94-A8335FC24F01}.Debug|Any CPU.ActiveCfg = Debug|Any CPU
		{5AF81FE3-0E7E-4247-8A94-A8335FC24F01}.Debug|Any CPU.Build.0 = Debug|Any CPU
		{5AF81FE3-0E7E-4247-8A94-A8335FC24F01}.Release|Any CPU.ActiveCfg = Release|Any CPU
		{5AF81FE3-0E7E-4247-8A94-A8335FC24F01}.Release|Any CPU.Build.0 = Release|Any CPU
	EndGlobalSection
	GlobalSection(SolutionProperties) = preSolution
		HideSolutionNode = FALSE
	EndGlobalSection
EndGlobal
